
Microsoft Visual Studio Solution File, Format Version 12.00
# Visual Studio Version 17
VisualStudioVersion = 17.8.34330.188
MinimumVisualStudioVersion = 10.0.40219.1
Project("{FAE04EC0-301F-11D3-BF4B-00C04F79EFBC}") = "Ex_1_fork1", "Ex_1_fork1.csproj", "{0C200D29-872A-427D-A758-D426D49D61FB}"
EndProject
Global
	GlobalSection(SolutionConfigurationPlatforms) = preSolution
		Debug|Any CPU = Debug|Any CPU
		Release|Any CPU = Release|Any CPU
	EndGlobalSection
	GlobalSection(ProjectConfigurationPlatforms) = postSolution
		{0C200D29-872A-427D-A758-D426D49D61FB}.Debug|Any CPU.ActiveCfg = Debug|Any CPU
		{0C200D29-872A-427D-A758-D426D49D61FB}.Debug|Any CPU.Build.0 = Debug|Any CPU
		{0C200D29-872A-427D-A758-D426D49D61FB}.Release|Any CPU.ActiveCfg = Release|Any CPU
		{0C200D29-872A-427D-A758-D426D49D61FB}.Release|Any CPU.Build.0 = Release|Any CPU
	EndGlobalSection
	GlobalSection(SolutionProperties) = preSolution
		HideSolutionNode = FALSE
	EndGlobalSection
	GlobalSection(ExtensibilityGlobals) = postSolution
		SolutionGuid = {04DEE5B5-DE4F-4650-9E83-7CEBFEBACAC2}
	EndGlobalSection
EndGlobal
